
Microsoft Visual Studio Solution File, Format Version 12.00
# Visual Studio 15
VisualStudioVersion = 15.0.27703.2018
MinimumVisualStudioVersion = 10.0.40219.1
Project("{9A19103F-16F7-4668-BE54-9A1E7A4F7556}") = "Xamarin.Forms.Xaml", "..\Xamarin.Forms.Xaml\Xamarin.Forms.Xaml.csproj", "{BF82BAAC-5E74-41DC-8BED-3B0FE0D8A79E}"
EndProject
Project("{9A19103F-16F7-4668-BE54-9A1E7A4F7556}") = "Xamarin.Forms.Core", "..\Xamarin.Forms.Core\Xamarin.Forms.Core.csproj", "{444CBB42-0809-4C21-8ED7-4175C5C0424C}"
EndProject
Project("{D954291E-2A0B-460D-934E-DC6B0785DB48}") = "Xamarin.Flex", "..\Xamarin.Flex\Xamarin.Flex.shproj", "{A6703C7D-D362-452A-A7A5-73771194D38C}"
EndProject
Project("{9A19103F-16F7-4668-BE54-9A1E7A4F7556}") = "Xamarin.Forms.Platform", "..\Xamarin.Forms.Platform\Xamarin.Forms.Platform.csproj", "{8A26FA39-9FA7-47CC-9F16-6C2BB9C8A1CC}"
EndProject
Project("{9A19103F-16F7-4668-BE54-9A1E7A4F7556}") = "Xamarin.Forms.Pages", "..\Xamarin.Forms.Pages\Xamarin.Forms.Pages.csproj", "{CC552E6A-C745-448A-AD1F-5DF02646808B}"
EndProject
Project("{9A19103F-16F7-4668-BE54-9A1E7A4F7556}") = "Xamarin.Forms.Controls", "..\Xamarin.Forms.Controls\Xamarin.Forms.Controls.csproj", "{B3478A0D-97A0-40A1-AE5E-C43C3CD6A20D}"
EndProject
Project("{9A19103F-16F7-4668-BE54-9A1E7A4F7556}") = "Xamarin.Forms.Maps", "..\Xamarin.Forms.Maps\Xamarin.Forms.Maps.csproj", "{B2B65B98-5158-4B83-BBDC-CDCF9C6008EC}"
EndProject
Project("{9A19103F-16F7-4668-BE54-9A1E7A4F7556}") = "Xamarin.Forms.CustomAttributes", "..\Xamarin.Forms.CustomAttributes\Xamarin.Forms.CustomAttributes.csproj", "{F0E30C61-DB6F-41B0-91A5-6C3702E7BFFF}"
EndProject
Project("{D954291E-2A0B-460D-934E-DC6B0785DB48}") = "Xamarin.Forms.Controls.Issues.Shared", "..\Xamarin.Forms.Controls.Issues\Xamarin.Forms.Controls.Issues.Shared\Xamarin.Forms.Controls.Issues.Shared.shproj", "{0F0DB9CC-EA65-429C-9363-38624BF8F49C}"
EndProject
Project("{FAE04EC0-301F-11D3-BF4B-00C04F79EFBC}") = "Xamarin.Forms.ControlGallery.WPF", "..\Xamarin.Forms.ControlGallery.WPF\Xamarin.Forms.ControlGallery.WPF.csproj", "{411B960D-6D30-4079-83B2-ABB9987D2EDF}"
EndProject
Project("{FAE04EC0-301F-11D3-BF4B-00C04F79EFBC}") = "Xamarin.Forms.Platform.WPF", "..\Xamarin.Forms.Platform.WPF\Xamarin.Forms.Platform.WPF.csproj", "{140BC260-8B15-4D3A-B1B0-DDD8072918CC}"
EndProject
Project("{2150E333-8FDC-42A3-9474-1A3956D46DE8}") = "WPF", "WPF", "{9A8EE3B3-899E-40D7-8916-7E77F83C76AC}"
EndProject
Project("{FAE04EC0-301F-11D3-BF4B-00C04F79EFBC}") = "Xamarin.Forms.Maps.WPF", "..\Xamarin.Forms.Maps.WPF\Xamarin.Forms.Maps.WPF.csproj", "{89B0DB73-A32E-447C-9390-A2A59D89B2E4}"
EndProject
Project("{2150E333-8FDC-42A3-9474-1A3956D46DE8}") = "WPF_TESTS", "WPF_TESTS", "{19E4099E-9D3B-4EB2-BF41-7F7A6399FC71}"
EndProject
Project("{2150E333-8FDC-42A3-9474-1A3956D46DE8}") = "SimpleTest", "SimpleTest", "{DA43B306-6640-4B5F-84F9-D485197DA7F2}"
EndProject
Project("{FAE04EC0-301F-11D3-BF4B-00C04F79EFBC}") = "MyXamarinWPFApp", "SIMPLE_TEST\MyXamarinWPFApp\MyXamarinWPFApp\MyXamarinWPFApp.csproj", "{E2357B23-53AC-4364-810F-54DCAB6BCCDE}"
EndProject
Project("{9A19103F-16F7-4668-BE54-9A1E7A4F7556}") = "SimpleFormsTest", "SIMPLE_TEST\SimpleFormsTest\SimpleFormsTest\SimpleFormsTest.csproj", "{A1DBB60B-B98C-4B5A-8A38-5C1DEC124246}"
EndProject
Global
	GlobalSection(SharedMSBuildProjectFiles) = preSolution
		..\Xamarin.Forms.Controls.Issues\Xamarin.Forms.Controls.Issues.Shared\Xamarin.Forms.Controls.Issues.Shared.projitems*{0f0db9cc-ea65-429c-9363-38624bf8f49c}*SharedItemsImports = 13
		..\Xamarin.Flex\Xamarin.Flex.projitems*{a6703c7d-d362-452a-a7a5-73771194d38c}*SharedItemsImports = 13
	EndGlobalSection
	GlobalSection(SolutionConfigurationPlatforms) = preSolution
		Ad-Hoc|Any CPU = Ad-Hoc|Any CPU
		Ad-Hoc|ARM = Ad-Hoc|ARM
		Ad-Hoc|iPhone = Ad-Hoc|iPhone
		Ad-Hoc|iPhoneSimulator = Ad-Hoc|iPhoneSimulator
		Ad-Hoc|x64 = Ad-Hoc|x64
		Ad-Hoc|x86 = Ad-Hoc|x86
		AppStore|Any CPU = AppStore|Any CPU
		AppStore|ARM = AppStore|ARM
		AppStore|iPhone = AppStore|iPhone
		AppStore|iPhoneSimulator = AppStore|iPhoneSimulator
		AppStore|x64 = AppStore|x64
		AppStore|x86 = AppStore|x86
		Debug|Any CPU = Debug|Any CPU
		Debug|ARM = Debug|ARM
		Debug|iPhone = Debug|iPhone
		Debug|iPhoneSimulator = Debug|iPhoneSimulator
		Debug|x64 = Debug|x64
		Debug|x86 = Debug|x86
		Release|Any CPU = Release|Any CPU
		Release|ARM = Release|ARM
		Release|iPhone = Release|iPhone
		Release|iPhoneSimulator = Release|iPhoneSimulator
		Release|x64 = Release|x64
		Release|x86 = Release|x86
	EndGlobalSection
	GlobalSection(ProjectConfigurationPlatforms) = postSolution
		{BF82BAAC-5E74-41DC-8BED-3B0FE0D8A79E}.Ad-Hoc|Any CPU.ActiveCfg = Release|Any CPU
		{BF82BAAC-5E74-41DC-8BED-3B0FE0D8A79E}.Ad-Hoc|Any CPU.Build.0 = Release|Any CPU
		{BF82BAAC-5E74-41DC-8BED-3B0FE0D8A79E}.Ad-Hoc|ARM.ActiveCfg = Release|Any CPU
		{BF82BAAC-5E74-41DC-8BED-3B0FE0D8A79E}.Ad-Hoc|ARM.Build.0 = Release|Any CPU
		{BF82BAAC-5E74-41DC-8BED-3B0FE0D8A79E}.Ad-Hoc|iPhone.ActiveCfg = Release|Any CPU
		{BF82BAAC-5E74-41DC-8BED-3B0FE0D8A79E}.Ad-Hoc|iPhone.Build.0 = Release|Any CPU
		{BF82BAAC-5E74-41DC-8BED-3B0FE0D8A79E}.Ad-Hoc|iPhoneSimulator.ActiveCfg = Release|Any CPU
		{BF82BAAC-5E74-41DC-8BED-3B0FE0D8A79E}.Ad-Hoc|iPhoneSimulator.Build.0 = Release|Any CPU
		{BF82BAAC-5E74-41DC-8BED-3B0FE0D8A79E}.Ad-Hoc|x64.ActiveCfg = Release|Any CPU
		{BF82BAAC-5E74-41DC-8BED-3B0FE0D8A79E}.Ad-Hoc|x64.Build.0 = Release|Any CPU
		{BF82BAAC-5E74-41DC-8BED-3B0FE0D8A79E}.Ad-Hoc|x86.ActiveCfg = Release|Any CPU
		{BF82BAAC-5E74-41DC-8BED-3B0FE0D8A79E}.Ad-Hoc|x86.Build.0 = Release|Any CPU
		{BF82BAAC-5E74-41DC-8BED-3B0FE0D8A79E}.AppStore|Any CPU.ActiveCfg = Release|Any CPU
		{BF82BAAC-5E74-41DC-8BED-3B0FE0D8A79E}.AppStore|Any CPU.Build.0 = Release|Any CPU
		{BF82BAAC-5E74-41DC-8BED-3B0FE0D8A79E}.AppStore|ARM.ActiveCfg = Release|Any CPU
		{BF82BAAC-5E74-41DC-8BED-3B0FE0D8A79E}.AppStore|ARM.Build.0 = Release|Any CPU
		{BF82BAAC-5E74-41DC-8BED-3B0FE0D8A79E}.AppStore|iPhone.ActiveCfg = Release|Any CPU
		{BF82BAAC-5E74-41DC-8BED-3B0FE0D8A79E}.AppStore|iPhone.Build.0 = Release|Any CPU
		{BF82BAAC-5E74-41DC-8BED-3B0FE0D8A79E}.AppStore|iPhoneSimulator.ActiveCfg = Release|Any CPU
		{BF82BAAC-5E74-41DC-8BED-3B0FE0D8A79E}.AppStore|iPhoneSimulator.Build.0 = Release|Any CPU
		{BF82BAAC-5E74-41DC-8BED-3B0FE0D8A79E}.AppStore|x64.ActiveCfg = Release|Any CPU
		{BF82BAAC-5E74-41DC-8BED-3B0FE0D8A79E}.AppStore|x64.Build.0 = Release|Any CPU
		{BF82BAAC-5E74-41DC-8BED-3B0FE0D8A79E}.AppStore|x86.ActiveCfg = Release|Any CPU
		{BF82BAAC-5E74-41DC-8BED-3B0FE0D8A79E}.AppStore|x86.Build.0 = Release|Any CPU
		{BF82BAAC-5E74-41DC-8BED-3B0FE0D8A79E}.Debug|Any CPU.ActiveCfg = Debug|Any CPU
		{BF82BAAC-5E74-41DC-8BED-3B0FE0D8A79E}.Debug|Any CPU.Build.0 = Debug|Any CPU
		{BF82BAAC-5E74-41DC-8BED-3B0FE0D8A79E}.Debug|ARM.ActiveCfg = Debug|Any CPU
		{BF82BAAC-5E74-41DC-8BED-3B0FE0D8A79E}.Debug|ARM.Build.0 = Debug|Any CPU
		{BF82BAAC-5E74-41DC-8BED-3B0FE0D8A79E}.Debug|iPhone.ActiveCfg = Debug|Any CPU
		{BF82BAAC-5E74-41DC-8BED-3B0FE0D8A79E}.Debug|iPhone.Build.0 = Debug|Any CPU
		{BF82BAAC-5E74-41DC-8BED-3B0FE0D8A79E}.Debug|iPhoneSimulator.ActiveCfg = Debug|Any CPU
		{BF82BAAC-5E74-41DC-8BED-3B0FE0D8A79E}.Debug|iPhoneSimulator.Build.0 = Debug|Any CPU
		{BF82BAAC-5E74-41DC-8BED-3B0FE0D8A79E}.Debug|x64.ActiveCfg = Debug|Any CPU
		{BF82BAAC-5E74-41DC-8BED-3B0FE0D8A79E}.Debug|x64.Build.0 = Debug|Any CPU
		{BF82BAAC-5E74-41DC-8BED-3B0FE0D8A79E}.Debug|x86.ActiveCfg = Debug|Any CPU
		{BF82BAAC-5E74-41DC-8BED-3B0FE0D8A79E}.Debug|x86.Build.0 = Debug|Any CPU
		{BF82BAAC-5E74-41DC-8BED-3B0FE0D8A79E}.Release|Any CPU.ActiveCfg = Release|Any CPU
		{BF82BAAC-5E74-41DC-8BED-3B0FE0D8A79E}.Release|Any CPU.Build.0 = Release|Any CPU
		{BF82BAAC-5E74-41DC-8BED-3B0FE0D8A79E}.Release|ARM.ActiveCfg = Release|Any CPU
		{BF82BAAC-5E74-41DC-8BED-3B0FE0D8A79E}.Release|ARM.Build.0 = Release|Any CPU
		{BF82BAAC-5E74-41DC-8BED-3B0FE0D8A79E}.Release|iPhone.ActiveCfg = Release|Any CPU
		{BF82BAAC-5E74-41DC-8BED-3B0FE0D8A79E}.Release|iPhone.Build.0 = Release|Any CPU
		{BF82BAAC-5E74-41DC-8BED-3B0FE0D8A79E}.Release|iPhoneSimulator.ActiveCfg = Release|Any CPU
		{BF82BAAC-5E74-41DC-8BED-3B0FE0D8A79E}.Release|iPhoneSimulator.Build.0 = Release|Any CPU
		{BF82BAAC-5E74-41DC-8BED-3B0FE0D8A79E}.Release|x64.ActiveCfg = Release|Any CPU
		{BF82BAAC-5E74-41DC-8BED-3B0FE0D8A79E}.Release|x64.Build.0 = Release|Any CPU
		{BF82BAAC-5E74-41DC-8BED-3B0FE0D8A79E}.Release|x86.ActiveCfg = Release|Any CPU
		{BF82BAAC-5E74-41DC-8BED-3B0FE0D8A79E}.Release|x86.Build.0 = Release|Any CPU
		{444CBB42-0809-4C21-8ED7-4175C5C0424C}.Ad-Hoc|Any CPU.ActiveCfg = Release|Any CPU
		{444CBB42-0809-4C21-8ED7-4175C5C0424C}.Ad-Hoc|Any CPU.Build.0 = Release|Any CPU
		{444CBB42-0809-4C21-8ED7-4175C5C0424C}.Ad-Hoc|ARM.ActiveCfg = Release|Any CPU
		{444CBB42-0809-4C21-8ED7-4175C5C0424C}.Ad-Hoc|ARM.Build.0 = Release|Any CPU
		{444CBB42-0809-4C21-8ED7-4175C5C0424C}.Ad-Hoc|iPhone.ActiveCfg = Release|Any CPU
		{444CBB42-0809-4C21-8ED7-4175C5C0424C}.Ad-Hoc|iPhone.Build.0 = Release|Any CPU
		{444CBB42-0809-4C21-8ED7-4175C5C0424C}.Ad-Hoc|iPhoneSimulator.ActiveCfg = Release|Any CPU
		{444CBB42-0809-4C21-8ED7-4175C5C0424C}.Ad-Hoc|iPhoneSimulator.Build.0 = Release|Any CPU
		{444CBB42-0809-4C21-8ED7-4175C5C0424C}.Ad-Hoc|x64.ActiveCfg = Release|Any CPU
		{444CBB42-0809-4C21-8ED7-4175C5C0424C}.Ad-Hoc|x64.Build.0 = Release|Any CPU
		{444CBB42-0809-4C21-8ED7-4175C5C0424C}.Ad-Hoc|x86.ActiveCfg = Release|Any CPU
		{444CBB42-0809-4C21-8ED7-4175C5C0424C}.Ad-Hoc|x86.Build.0 = Release|Any CPU
		{444CBB42-0809-4C21-8ED7-4175C5C0424C}.AppStore|Any CPU.ActiveCfg = Release|Any CPU
		{444CBB42-0809-4C21-8ED7-4175C5C0424C}.AppStore|Any CPU.Build.0 = Release|Any CPU
		{444CBB42-0809-4C21-8ED7-4175C5C0424C}.AppStore|ARM.ActiveCfg = Release|Any CPU
		{444CBB42-0809-4C21-8ED7-4175C5C0424C}.AppStore|ARM.Build.0 = Release|Any CPU
		{444CBB42-0809-4C21-8ED7-4175C5C0424C}.AppStore|iPhone.ActiveCfg = Release|Any CPU
		{444CBB42-0809-4C21-8ED7-4175C5C0424C}.AppStore|iPhone.Build.0 = Release|Any CPU
		{444CBB42-0809-4C21-8ED7-4175C5C0424C}.AppStore|iPhoneSimulator.ActiveCfg = Release|Any CPU
		{444CBB42-0809-4C21-8ED7-4175C5C0424C}.AppStore|iPhoneSimulator.Build.0 = Release|Any CPU
		{444CBB42-0809-4C21-8ED7-4175C5C0424C}.AppStore|x64.ActiveCfg = Release|Any CPU
		{444CBB42-0809-4C21-8ED7-4175C5C0424C}.AppStore|x64.Build.0 = Release|Any CPU
		{444CBB42-0809-4C21-8ED7-4175C5C0424C}.AppStore|x86.ActiveCfg = Release|Any CPU
		{444CBB42-0809-4C21-8ED7-4175C5C0424C}.AppStore|x86.Build.0 = Release|Any CPU
		{444CBB42-0809-4C21-8ED7-4175C5C0424C}.Debug|Any CPU.ActiveCfg = Debug|Any CPU
		{444CBB42-0809-4C21-8ED7-4175C5C0424C}.Debug|Any CPU.Build.0 = Debug|Any CPU
		{444CBB42-0809-4C21-8ED7-4175C5C0424C}.Debug|ARM.ActiveCfg = Debug|Any CPU
		{444CBB42-0809-4C21-8ED7-4175C5C0424C}.Debug|ARM.Build.0 = Debug|Any CPU
		{444CBB42-0809-4C21-8ED7-4175C5C0424C}.Debug|iPhone.ActiveCfg = Debug|Any CPU
		{444CBB42-0809-4C21-8ED7-4175C5C0424C}.Debug|iPhone.Build.0 = Debug|Any CPU
		{444CBB42-0809-4C21-8ED7-4175C5C0424C}.Debug|iPhoneSimulator.ActiveCfg = Debug|Any CPU
		{444CBB42-0809-4C21-8ED7-4175C5C0424C}.Debug|iPhoneSimulator.Build.0 = Debug|Any CPU
		{444CBB42-0809-4C21-8ED7-4175C5C0424C}.Debug|x64.ActiveCfg = Debug|Any CPU
		{444CBB42-0809-4C21-8ED7-4175C5C0424C}.Debug|x64.Build.0 = Debug|Any CPU
		{444CBB42-0809-4C21-8ED7-4175C5C0424C}.Debug|x86.ActiveCfg = Debug|Any CPU
		{444CBB42-0809-4C21-8ED7-4175C5C0424C}.Debug|x86.Build.0 = Debug|Any CPU
		{444CBB42-0809-4C21-8ED7-4175C5C0424C}.Release|Any CPU.ActiveCfg = Release|Any CPU
		{444CBB42-0809-4C21-8ED7-4175C5C0424C}.Release|Any CPU.Build.0 = Release|Any CPU
		{444CBB42-0809-4C21-8ED7-4175C5C0424C}.Release|ARM.ActiveCfg = Release|Any CPU
		{444CBB42-0809-4C21-8ED7-4175C5C0424C}.Release|ARM.Build.0 = Release|Any CPU
		{444CBB42-0809-4C21-8ED7-4175C5C0424C}.Release|iPhone.ActiveCfg = Release|Any CPU
		{444CBB42-0809-4C21-8ED7-4175C5C0424C}.Release|iPhone.Build.0 = Release|Any CPU
		{444CBB42-0809-4C21-8ED7-4175C5C0424C}.Release|iPhoneSimulator.ActiveCfg = Release|Any CPU
		{444CBB42-0809-4C21-8ED7-4175C5C0424C}.Release|iPhoneSimulator.Build.0 = Release|Any CPU
		{444CBB42-0809-4C21-8ED7-4175C5C0424C}.Release|x64.ActiveCfg = Release|Any CPU
		{444CBB42-0809-4C21-8ED7-4175C5C0424C}.Release|x64.Build.0 = Release|Any CPU
		{444CBB42-0809-4C21-8ED7-4175C5C0424C}.Release|x86.ActiveCfg = Release|Any CPU
		{444CBB42-0809-4C21-8ED7-4175C5C0424C}.Release|x86.Build.0 = Release|Any CPU
		{8A26FA39-9FA7-47CC-9F16-6C2BB9C8A1CC}.Ad-Hoc|Any CPU.ActiveCfg = Release|Any CPU
		{8A26FA39-9FA7-47CC-9F16-6C2BB9C8A1CC}.Ad-Hoc|Any CPU.Build.0 = Release|Any CPU
		{8A26FA39-9FA7-47CC-9F16-6C2BB9C8A1CC}.Ad-Hoc|ARM.ActiveCfg = Release|Any CPU
		{8A26FA39-9FA7-47CC-9F16-6C2BB9C8A1CC}.Ad-Hoc|ARM.Build.0 = Release|Any CPU
		{8A26FA39-9FA7-47CC-9F16-6C2BB9C8A1CC}.Ad-Hoc|iPhone.ActiveCfg = Release|Any CPU
		{8A26FA39-9FA7-47CC-9F16-6C2BB9C8A1CC}.Ad-Hoc|iPhone.Build.0 = Release|Any CPU
		{8A26FA39-9FA7-47CC-9F16-6C2BB9C8A1CC}.Ad-Hoc|iPhoneSimulator.ActiveCfg = Release|Any CPU
		{8A26FA39-9FA7-47CC-9F16-6C2BB9C8A1CC}.Ad-Hoc|iPhoneSimulator.Build.0 = Release|Any CPU
		{8A26FA39-9FA7-47CC-9F16-6C2BB9C8A1CC}.Ad-Hoc|x64.ActiveCfg = Release|Any CPU
		{8A26FA39-9FA7-47CC-9F16-6C2BB9C8A1CC}.Ad-Hoc|x64.Build.0 = Release|Any CPU
		{8A26FA39-9FA7-47CC-9F16-6C2BB9C8A1CC}.Ad-Hoc|x86.ActiveCfg = Release|Any CPU
		{8A26FA39-9FA7-47CC-9F16-6C2BB9C8A1CC}.Ad-Hoc|x86.Build.0 = Release|Any CPU
		{8A26FA39-9FA7-47CC-9F16-6C2BB9C8A1CC}.AppStore|Any CPU.ActiveCfg = Release|Any CPU
		{8A26FA39-9FA7-47CC-9F16-6C2BB9C8A1CC}.AppStore|Any CPU.Build.0 = Release|Any CPU
		{8A26FA39-9FA7-47CC-9F16-6C2BB9C8A1CC}.AppStore|ARM.ActiveCfg = Release|Any CPU
		{8A26FA39-9FA7-47CC-9F16-6C2BB9C8A1CC}.AppStore|ARM.Build.0 = Release|Any CPU
		{8A26FA39-9FA7-47CC-9F16-6C2BB9C8A1CC}.AppStore|iPhone.ActiveCfg = Release|Any CPU
		{8A26FA39-9FA7-47CC-9F16-6C2BB9C8A1CC}.AppStore|iPhone.Build.0 = Release|Any CPU
		{8A26FA39-9FA7-47CC-9F16-6C2BB9C8A1CC}.AppStore|iPhoneSimulator.ActiveCfg = Release|Any CPU
		{8A26FA39-9FA7-47CC-9F16-6C2BB9C8A1CC}.AppStore|iPhoneSimulator.Build.0 = Release|Any CPU
		{8A26FA39-9FA7-47CC-9F16-6C2BB9C8A1CC}.AppStore|x64.ActiveCfg = Release|Any CPU
		{8A26FA39-9FA7-47CC-9F16-6C2BB9C8A1CC}.AppStore|x64.Build.0 = Release|Any CPU
		{8A26FA39-9FA7-47CC-9F16-6C2BB9C8A1CC}.AppStore|x86.ActiveCfg = Release|Any CPU
		{8A26FA39-9FA7-47CC-9F16-6C2BB9C8A1CC}.AppStore|x86.Build.0 = Release|Any CPU
		{8A26FA39-9FA7-47CC-9F16-6C2BB9C8A1CC}.Debug|Any CPU.ActiveCfg = Debug|Any CPU
		{8A26FA39-9FA7-47CC-9F16-6C2BB9C8A1CC}.Debug|Any CPU.Build.0 = Debug|Any CPU
		{8A26FA39-9FA7-47CC-9F16-6C2BB9C8A1CC}.Debug|ARM.ActiveCfg = Debug|Any CPU
		{8A26FA39-9FA7-47CC-9F16-6C2BB9C8A1CC}.Debug|ARM.Build.0 = Debug|Any CPU
		{8A26FA39-9FA7-47CC-9F16-6C2BB9C8A1CC}.Debug|iPhone.ActiveCfg = Debug|Any CPU
		{8A26FA39-9FA7-47CC-9F16-6C2BB9C8A1CC}.Debug|iPhone.Build.0 = Debug|Any CPU
		{8A26FA39-9FA7-47CC-9F16-6C2BB9C8A1CC}.Debug|iPhoneSimulator.ActiveCfg = Debug|Any CPU
		{8A26FA39-9FA7-47CC-9F16-6C2BB9C8A1CC}.Debug|iPhoneSimulator.Build.0 = Debug|Any CPU
		{8A26FA39-9FA7-47CC-9F16-6C2BB9C8A1CC}.Debug|x64.ActiveCfg = Debug|Any CPU
		{8A26FA39-9FA7-47CC-9F16-6C2BB9C8A1CC}.Debug|x64.Build.0 = Debug|Any CPU
		{8A26FA39-9FA7-47CC-9F16-6C2BB9C8A1CC}.Debug|x86.ActiveCfg = Debug|Any CPU
		{8A26FA39-9FA7-47CC-9F16-6C2BB9C8A1CC}.Debug|x86.Build.0 = Debug|Any CPU
		{8A26FA39-9FA7-47CC-9F16-6C2BB9C8A1CC}.Release|Any CPU.ActiveCfg = Release|Any CPU
		{8A26FA39-9FA7-47CC-9F16-6C2BB9C8A1CC}.Release|Any CPU.Build.0 = Release|Any CPU
		{8A26FA39-9FA7-47CC-9F16-6C2BB9C8A1CC}.Release|ARM.ActiveCfg = Release|Any CPU
		{8A26FA39-9FA7-47CC-9F16-6C2BB9C8A1CC}.Release|ARM.Build.0 = Release|Any CPU
		{8A26FA39-9FA7-47CC-9F16-6C2BB9C8A1CC}.Release|iPhone.ActiveCfg = Release|Any CPU
		{8A26FA39-9FA7-47CC-9F16-6C2BB9C8A1CC}.Release|iPhone.Build.0 = Release|Any CPU
		{8A26FA39-9FA7-47CC-9F16-6C2BB9C8A1CC}.Release|iPhoneSimulator.ActiveCfg = Release|Any CPU
		{8A26FA39-9FA7-47CC-9F16-6C2BB9C8A1CC}.Release|iPhoneSimulator.Build.0 = Release|Any CPU
		{8A26FA39-9FA7-47CC-9F16-6C2BB9C8A1CC}.Release|x64.ActiveCfg = Release|Any CPU
		{8A26FA39-9FA7-47CC-9F16-6C2BB9C8A1CC}.Release|x64.Build.0 = Release|Any CPU
		{8A26FA39-9FA7-47CC-9F16-6C2BB9C8A1CC}.Release|x86.ActiveCfg = Release|Any CPU
		{8A26FA39-9FA7-47CC-9F16-6C2BB9C8A1CC}.Release|x86.Build.0 = Release|Any CPU
		{CC552E6A-C745-448A-AD1F-5DF02646808B}.Ad-Hoc|Any CPU.ActiveCfg = Release|Any CPU
		{CC552E6A-C745-448A-AD1F-5DF02646808B}.Ad-Hoc|Any CPU.Build.0 = Release|Any CPU
		{CC552E6A-C745-448A-AD1F-5DF02646808B}.Ad-Hoc|ARM.ActiveCfg = Release|Any CPU
		{CC552E6A-C745-448A-AD1F-5DF02646808B}.Ad-Hoc|ARM.Build.0 = Release|Any CPU
		{CC552E6A-C745-448A-AD1F-5DF02646808B}.Ad-Hoc|iPhone.ActiveCfg = Release|Any CPU
		{CC552E6A-C745-448A-AD1F-5DF02646808B}.Ad-Hoc|iPhone.Build.0 = Release|Any CPU
		{CC552E6A-C745-448A-AD1F-5DF02646808B}.Ad-Hoc|iPhoneSimulator.ActiveCfg = Release|Any CPU
		{CC552E6A-C745-448A-AD1F-5DF02646808B}.Ad-Hoc|iPhoneSimulator.Build.0 = Release|Any CPU
		{CC552E6A-C745-448A-AD1F-5DF02646808B}.Ad-Hoc|x64.ActiveCfg = Release|Any CPU
		{CC552E6A-C745-448A-AD1F-5DF02646808B}.Ad-Hoc|x64.Build.0 = Release|Any CPU
		{CC552E6A-C745-448A-AD1F-5DF02646808B}.Ad-Hoc|x86.ActiveCfg = Release|Any CPU
		{CC552E6A-C745-448A-AD1F-5DF02646808B}.Ad-Hoc|x86.Build.0 = Release|Any CPU
		{CC552E6A-C745-448A-AD1F-5DF02646808B}.AppStore|Any CPU.ActiveCfg = Release|Any CPU
		{CC552E6A-C745-448A-AD1F-5DF02646808B}.AppStore|Any CPU.Build.0 = Release|Any CPU
		{CC552E6A-C745-448A-AD1F-5DF02646808B}.AppStore|ARM.ActiveCfg = Release|Any CPU
		{CC552E6A-C745-448A-AD1F-5DF02646808B}.AppStore|ARM.Build.0 = Release|Any CPU
		{CC552E6A-C745-448A-AD1F-5DF02646808B}.AppStore|iPhone.ActiveCfg = Release|Any CPU
		{CC552E6A-C745-448A-AD1F-5DF02646808B}.AppStore|iPhone.Build.0 = Release|Any CPU
		{CC552E6A-C745-448A-AD1F-5DF02646808B}.AppStore|iPhoneSimulator.ActiveCfg = Release|Any CPU
		{CC552E6A-C745-448A-AD1F-5DF02646808B}.AppStore|iPhoneSimulator.Build.0 = Release|Any CPU
		{CC552E6A-C745-448A-AD1F-5DF02646808B}.AppStore|x64.ActiveCfg = Release|Any CPU
		{CC552E6A-C745-448A-AD1F-5DF02646808B}.AppStore|x64.Build.0 = Release|Any CPU
		{CC552E6A-C745-448A-AD1F-5DF02646808B}.AppStore|x86.ActiveCfg = Release|Any CPU
		{CC552E6A-C745-448A-AD1F-5DF02646808B}.AppStore|x86.Build.0 = Release|Any CPU
		{CC552E6A-C745-448A-AD1F-5DF02646808B}.Debug|Any CPU.ActiveCfg = Debug|Any CPU
		{CC552E6A-C745-448A-AD1F-5DF02646808B}.Debug|Any CPU.Build.0 = Debug|Any CPU
		{CC552E6A-C745-448A-AD1F-5DF02646808B}.Debug|ARM.ActiveCfg = Debug|Any CPU
		{CC552E6A-C745-448A-AD1F-5DF02646808B}.Debug|ARM.Build.0 = Debug|Any CPU
		{CC552E6A-C745-448A-AD1F-5DF02646808B}.Debug|iPhone.ActiveCfg = Debug|Any CPU
		{CC552E6A-C745-448A-AD1F-5DF02646808B}.Debug|iPhone.Build.0 = Debug|Any CPU
		{CC552E6A-C745-448A-AD1F-5DF02646808B}.Debug|iPhoneSimulator.ActiveCfg = Debug|Any CPU
		{CC552E6A-C745-448A-AD1F-5DF02646808B}.Debug|iPhoneSimulator.Build.0 = Debug|Any CPU
		{CC552E6A-C745-448A-AD1F-5DF02646808B}.Debug|x64.ActiveCfg = Debug|Any CPU
		{CC552E6A-C745-448A-AD1F-5DF02646808B}.Debug|x64.Build.0 = Debug|Any CPU
		{CC552E6A-C745-448A-AD1F-5DF02646808B}.Debug|x86.ActiveCfg = Debug|Any CPU
		{CC552E6A-C745-448A-AD1F-5DF02646808B}.Debug|x86.Build.0 = Debug|Any CPU
		{CC552E6A-C745-448A-AD1F-5DF02646808B}.Release|Any CPU.ActiveCfg = Release|Any CPU
		{CC552E6A-C745-448A-AD1F-5DF02646808B}.Release|Any CPU.Build.0 = Release|Any CPU
		{CC552E6A-C745-448A-AD1F-5DF02646808B}.Release|ARM.ActiveCfg = Release|Any CPU
		{CC552E6A-C745-448A-AD1F-5DF02646808B}.Release|ARM.Build.0 = Release|Any CPU
		{CC552E6A-C745-448A-AD1F-5DF02646808B}.Release|iPhone.ActiveCfg = Release|Any CPU
		{CC552E6A-C745-448A-AD1F-5DF02646808B}.Release|iPhone.Build.0 = Release|Any CPU
		{CC552E6A-C745-448A-AD1F-5DF02646808B}.Release|iPhoneSimulator.ActiveCfg = Release|Any CPU
		{CC552E6A-C745-448A-AD1F-5DF02646808B}.Release|iPhoneSimulator.Build.0 = Release|Any CPU
		{CC552E6A-C745-448A-AD1F-5DF02646808B}.Release|x64.ActiveCfg = Release|Any CPU
		{CC552E6A-C745-448A-AD1F-5DF02646808B}.Release|x64.Build.0 = Release|Any CPU
		{CC552E6A-C745-448A-AD1F-5DF02646808B}.Release|x86.ActiveCfg = Release|Any CPU
		{CC552E6A-C745-448A-AD1F-5DF02646808B}.Release|x86.Build.0 = Release|Any CPU
		{B3478A0D-97A0-40A1-AE5E-C43C3CD6A20D}.Ad-Hoc|Any CPU.ActiveCfg = Release|Any CPU
		{B3478A0D-97A0-40A1-AE5E-C43C3CD6A20D}.Ad-Hoc|Any CPU.Build.0 = Release|Any CPU
		{B3478A0D-97A0-40A1-AE5E-C43C3CD6A20D}.Ad-Hoc|ARM.ActiveCfg = Release|Any CPU
		{B3478A0D-97A0-40A1-AE5E-C43C3CD6A20D}.Ad-Hoc|ARM.Build.0 = Release|Any CPU
		{B3478A0D-97A0-40A1-AE5E-C43C3CD6A20D}.Ad-Hoc|iPhone.ActiveCfg = Release|Any CPU
		{B3478A0D-97A0-40A1-AE5E-C43C3CD6A20D}.Ad-Hoc|iPhone.Build.0 = Release|Any CPU
		{B3478A0D-97A0-40A1-AE5E-C43C3CD6A20D}.Ad-Hoc|iPhoneSimulator.ActiveCfg = Release|Any CPU
		{B3478A0D-97A0-40A1-AE5E-C43C3CD6A20D}.Ad-Hoc|iPhoneSimulator.Build.0 = Release|Any CPU
		{B3478A0D-97A0-40A1-AE5E-C43C3CD6A20D}.Ad-Hoc|x64.ActiveCfg = Release|Any CPU
		{B3478A0D-97A0-40A1-AE5E-C43C3CD6A20D}.Ad-Hoc|x64.Build.0 = Release|Any CPU
		{B3478A0D-97A0-40A1-AE5E-C43C3CD6A20D}.Ad-Hoc|x86.ActiveCfg = Release|Any CPU
		{B3478A0D-97A0-40A1-AE5E-C43C3CD6A20D}.Ad-Hoc|x86.Build.0 = Release|Any CPU
		{B3478A0D-97A0-40A1-AE5E-C43C3CD6A20D}.AppStore|Any CPU.ActiveCfg = Release|Any CPU
		{B3478A0D-97A0-40A1-AE5E-C43C3CD6A20D}.AppStore|Any CPU.Build.0 = Release|Any CPU
		{B3478A0D-97A0-40A1-AE5E-C43C3CD6A20D}.AppStore|ARM.ActiveCfg = Release|Any CPU
		{B3478A0D-97A0-40A1-AE5E-C43C3CD6A20D}.AppStore|ARM.Build.0 = Release|Any CPU
		{B3478A0D-97A0-40A1-AE5E-C43C3CD6A20D}.AppStore|iPhone.ActiveCfg = Release|Any CPU
		{B3478A0D-97A0-40A1-AE5E-C43C3CD6A20D}.AppStore|iPhone.Build.0 = Release|Any CPU
		{B3478A0D-97A0-40A1-AE5E-C43C3CD6A20D}.AppStore|iPhoneSimulator.ActiveCfg = Release|Any CPU
		{B3478A0D-97A0-40A1-AE5E-C43C3CD6A20D}.AppStore|iPhoneSimulator.Build.0 = Release|Any CPU
		{B3478A0D-97A0-40A1-AE5E-C43C3CD6A20D}.AppStore|x64.ActiveCfg = Release|Any CPU
		{B3478A0D-97A0-40A1-AE5E-C43C3CD6A20D}.AppStore|x64.Build.0 = Release|Any CPU
		{B3478A0D-97A0-40A1-AE5E-C43C3CD6A20D}.AppStore|x86.ActiveCfg = Release|Any CPU
		{B3478A0D-97A0-40A1-AE5E-C43C3CD6A20D}.AppStore|x86.Build.0 = Release|Any CPU
		{B3478A0D-97A0-40A1-AE5E-C43C3CD6A20D}.Debug|Any CPU.ActiveCfg = Debug|Any CPU
		{B3478A0D-97A0-40A1-AE5E-C43C3CD6A20D}.Debug|Any CPU.Build.0 = Debug|Any CPU
		{B3478A0D-97A0-40A1-AE5E-C43C3CD6A20D}.Debug|ARM.ActiveCfg = Debug|Any CPU
		{B3478A0D-97A0-40A1-AE5E-C43C3CD6A20D}.Debug|ARM.Build.0 = Debug|Any CPU
		{B3478A0D-97A0-40A1-AE5E-C43C3CD6A20D}.Debug|iPhone.ActiveCfg = Debug|Any CPU
		{B3478A0D-97A0-40A1-AE5E-C43C3CD6A20D}.Debug|iPhone.Build.0 = Debug|Any CPU
		{B3478A0D-97A0-40A1-AE5E-C43C3CD6A20D}.Debug|iPhoneSimulator.ActiveCfg = Debug|Any CPU
		{B3478A0D-97A0-40A1-AE5E-C43C3CD6A20D}.Debug|iPhoneSimulator.Build.0 = Debug|Any CPU
		{B3478A0D-97A0-40A1-AE5E-C43C3CD6A20D}.Debug|x64.ActiveCfg = Debug|Any CPU
		{B3478A0D-97A0-40A1-AE5E-C43C3CD6A20D}.Debug|x64.Build.0 = Debug|Any CPU
		{B3478A0D-97A0-40A1-AE5E-C43C3CD6A20D}.Debug|x86.ActiveCfg = Debug|Any CPU
		{B3478A0D-97A0-40A1-AE5E-C43C3CD6A20D}.Debug|x86.Build.0 = Debug|Any CPU
		{B3478A0D-97A0-40A1-AE5E-C43C3CD6A20D}.Release|Any CPU.ActiveCfg = Release|Any CPU
		{B3478A0D-97A0-40A1-AE5E-C43C3CD6A20D}.Release|Any CPU.Build.0 = Release|Any CPU
		{B3478A0D-97A0-40A1-AE5E-C43C3CD6A20D}.Release|ARM.ActiveCfg = Release|Any CPU
		{B3478A0D-97A0-40A1-AE5E-C43C3CD6A20D}.Release|ARM.Build.0 = Release|Any CPU
		{B3478A0D-97A0-40A1-AE5E-C43C3CD6A20D}.Release|iPhone.ActiveCfg = Release|Any CPU
		{B3478A0D-97A0-40A1-AE5E-C43C3CD6A20D}.Release|iPhone.Build.0 = Release|Any CPU
		{B3478A0D-97A0-40A1-AE5E-C43C3CD6A20D}.Release|iPhoneSimulator.ActiveCfg = Release|Any CPU
		{B3478A0D-97A0-40A1-AE5E-C43C3CD6A20D}.Release|iPhoneSimulator.Build.0 = Release|Any CPU
		{B3478A0D-97A0-40A1-AE5E-C43C3CD6A20D}.Release|x64.ActiveCfg = Release|Any CPU
		{B3478A0D-97A0-40A1-AE5E-C43C3CD6A20D}.Release|x64.Build.0 = Release|Any CPU
		{B3478A0D-97A0-40A1-AE5E-C43C3CD6A20D}.Release|x86.ActiveCfg = Release|Any CPU
		{B3478A0D-97A0-40A1-AE5E-C43C3CD6A20D}.Release|x86.Build.0 = Release|Any CPU
		{B2B65B98-5158-4B83-BBDC-CDCF9C6008EC}.Ad-Hoc|Any CPU.ActiveCfg = Release|Any CPU
		{B2B65B98-5158-4B83-BBDC-CDCF9C6008EC}.Ad-Hoc|Any CPU.Build.0 = Release|Any CPU
		{B2B65B98-5158-4B83-BBDC-CDCF9C6008EC}.Ad-Hoc|ARM.ActiveCfg = Release|Any CPU
		{B2B65B98-5158-4B83-BBDC-CDCF9C6008EC}.Ad-Hoc|ARM.Build.0 = Release|Any CPU
		{B2B65B98-5158-4B83-BBDC-CDCF9C6008EC}.Ad-Hoc|iPhone.ActiveCfg = Release|Any CPU
		{B2B65B98-5158-4B83-BBDC-CDCF9C6008EC}.Ad-Hoc|iPhone.Build.0 = Release|Any CPU
		{B2B65B98-5158-4B83-BBDC-CDCF9C6008EC}.Ad-Hoc|iPhoneSimulator.ActiveCfg = Release|Any CPU
		{B2B65B98-5158-4B83-BBDC-CDCF9C6008EC}.Ad-Hoc|iPhoneSimulator.Build.0 = Release|Any CPU
		{B2B65B98-5158-4B83-BBDC-CDCF9C6008EC}.Ad-Hoc|x64.ActiveCfg = Release|Any CPU
		{B2B65B98-5158-4B83-BBDC-CDCF9C6008EC}.Ad-Hoc|x64.Build.0 = Release|Any CPU
		{B2B65B98-5158-4B83-BBDC-CDCF9C6008EC}.Ad-Hoc|x86.ActiveCfg = Release|Any CPU
		{B2B65B98-5158-4B83-BBDC-CDCF9C6008EC}.Ad-Hoc|x86.Build.0 = Release|Any CPU
		{B2B65B98-5158-4B83-BBDC-CDCF9C6008EC}.AppStore|Any CPU.ActiveCfg = Release|Any CPU
		{B2B65B98-5158-4B83-BBDC-CDCF9C6008EC}.AppStore|Any CPU.Build.0 = Release|Any CPU
		{B2B65B98-5158-4B83-BBDC-CDCF9C6008EC}.AppStore|ARM.ActiveCfg = Release|Any CPU
		{B2B65B98-5158-4B83-BBDC-CDCF9C6008EC}.AppStore|ARM.Build.0 = Release|Any CPU
		{B2B65B98-5158-4B83-BBDC-CDCF9C6008EC}.AppStore|iPhone.ActiveCfg = Release|Any CPU
		{B2B65B98-5158-4B83-BBDC-CDCF9C6008EC}.AppStore|iPhone.Build.0 = Release|Any CPU
		{B2B65B98-5158-4B83-BBDC-CDCF9C6008EC}.AppStore|iPhoneSimulator.ActiveCfg = Release|Any CPU
		{B2B65B98-5158-4B83-BBDC-CDCF9C6008EC}.AppStore|iPhoneSimulator.Build.0 = Release|Any CPU
		{B2B65B98-5158-4B83-BBDC-CDCF9C6008EC}.AppStore|x64.ActiveCfg = Release|Any CPU
		{B2B65B98-5158-4B83-BBDC-CDCF9C6008EC}.AppStore|x64.Build.0 = Release|Any CPU
		{B2B65B98-5158-4B83-BBDC-CDCF9C6008EC}.AppStore|x86.ActiveCfg = Release|Any CPU
		{B2B65B98-5158-4B83-BBDC-CDCF9C6008EC}.AppStore|x86.Build.0 = Release|Any CPU
		{B2B65B98-5158-4B83-BBDC-CDCF9C6008EC}.Debug|Any CPU.ActiveCfg = Debug|Any CPU
		{B2B65B98-5158-4B83-BBDC-CDCF9C6008EC}.Debug|Any CPU.Build.0 = Debug|Any CPU
		{B2B65B98-5158-4B83-BBDC-CDCF9C6008EC}.Debug|ARM.ActiveCfg = Debug|Any CPU
		{B2B65B98-5158-4B83-BBDC-CDCF9C6008EC}.Debug|ARM.Build.0 = Debug|Any CPU
		{B2B65B98-5158-4B83-BBDC-CDCF9C6008EC}.Debug|iPhone.ActiveCfg = Debug|Any CPU
		{B2B65B98-5158-4B83-BBDC-CDCF9C6008EC}.Debug|iPhone.Build.0 = Debug|Any CPU
		{B2B65B98-5158-4B83-BBDC-CDCF9C6008EC}.Debug|iPhoneSimulator.ActiveCfg = Debug|Any CPU
		{B2B65B98-5158-4B83-BBDC-CDCF9C6008EC}.Debug|iPhoneSimulator.Build.0 = Debug|Any CPU
		{B2B65B98-5158-4B83-BBDC-CDCF9C6008EC}.Debug|x64.ActiveCfg = Debug|Any CPU
		{B2B65B98-5158-4B83-BBDC-CDCF9C6008EC}.Debug|x64.Build.0 = Debug|Any CPU
		{B2B65B98-5158-4B83-BBDC-CDCF9C6008EC}.Debug|x86.ActiveCfg = Debug|Any CPU
		{B2B65B98-5158-4B83-BBDC-CDCF9C6008EC}.Debug|x86.Build.0 = Debug|Any CPU
		{B2B65B98-5158-4B83-BBDC-CDCF9C6008EC}.Release|Any CPU.ActiveCfg = Release|Any CPU
		{B2B65B98-5158-4B83-BBDC-CDCF9C6008EC}.Release|Any CPU.Build.0 = Release|Any CPU
		{B2B65B98-5158-4B83-BBDC-CDCF9C6008EC}.Release|ARM.ActiveCfg = Release|Any CPU
		{B2B65B98-5158-4B83-BBDC-CDCF9C6008EC}.Release|ARM.Build.0 = Release|Any CPU
		{B2B65B98-5158-4B83-BBDC-CDCF9C6008EC}.Release|iPhone.ActiveCfg = Release|Any CPU
		{B2B65B98-5158-4B83-BBDC-CDCF9C6008EC}.Release|iPhone.Build.0 = Release|Any CPU
		{B2B65B98-5158-4B83-BBDC-CDCF9C6008EC}.Release|iPhoneSimulator.ActiveCfg = Release|Any CPU
		{B2B65B98-5158-4B83-BBDC-CDCF9C6008EC}.Release|iPhoneSimulator.Build.0 = Release|Any CPU
		{B2B65B98-5158-4B83-BBDC-CDCF9C6008EC}.Release|x64.ActiveCfg = Release|Any CPU
		{B2B65B98-5158-4B83-BBDC-CDCF9C6008EC}.Release|x64.Build.0 = Release|Any CPU
		{B2B65B98-5158-4B83-BBDC-CDCF9C6008EC}.Release|x86.ActiveCfg = Release|Any CPU
		{B2B65B98-5158-4B83-BBDC-CDCF9C6008EC}.Release|x86.Build.0 = Release|Any CPU
		{F0E30C61-DB6F-41B0-91A5-6C3702E7BFFF}.Ad-Hoc|Any CPU.ActiveCfg = Release|Any CPU
		{F0E30C61-DB6F-41B0-91A5-6C3702E7BFFF}.Ad-Hoc|Any CPU.Build.0 = Release|Any CPU
		{F0E30C61-DB6F-41B0-91A5-6C3702E7BFFF}.Ad-Hoc|ARM.ActiveCfg = Release|Any CPU
		{F0E30C61-DB6F-41B0-91A5-6C3702E7BFFF}.Ad-Hoc|ARM.Build.0 = Release|Any CPU
		{F0E30C61-DB6F-41B0-91A5-6C3702E7BFFF}.Ad-Hoc|iPhone.ActiveCfg = Release|Any CPU
		{F0E30C61-DB6F-41B0-91A5-6C3702E7BFFF}.Ad-Hoc|iPhone.Build.0 = Release|Any CPU
		{F0E30C61-DB6F-41B0-91A5-6C3702E7BFFF}.Ad-Hoc|iPhoneSimulator.ActiveCfg = Release|Any CPU
		{F0E30C61-DB6F-41B0-91A5-6C3702E7BFFF}.Ad-Hoc|iPhoneSimulator.Build.0 = Release|Any CPU
		{F0E30C61-DB6F-41B0-91A5-6C3702E7BFFF}.Ad-Hoc|x64.ActiveCfg = Release|Any CPU
		{F0E30C61-DB6F-41B0-91A5-6C3702E7BFFF}.Ad-Hoc|x64.Build.0 = Release|Any CPU
		{F0E30C61-DB6F-41B0-91A5-6C3702E7BFFF}.Ad-Hoc|x86.ActiveCfg = Release|Any CPU
		{F0E30C61-DB6F-41B0-91A5-6C3702E7BFFF}.Ad-Hoc|x86.Build.0 = Release|Any CPU
		{F0E30C61-DB6F-41B0-91A5-6C3702E7BFFF}.AppStore|Any CPU.ActiveCfg = Release|Any CPU
		{F0E30C61-DB6F-41B0-91A5-6C3702E7BFFF}.AppStore|Any CPU.Build.0 = Release|Any CPU
		{F0E30C61-DB6F-41B0-91A5-6C3702E7BFFF}.AppStore|ARM.ActiveCfg = Release|Any CPU
		{F0E30C61-DB6F-41B0-91A5-6C3702E7BFFF}.AppStore|ARM.Build.0 = Release|Any CPU
		{F0E30C61-DB6F-41B0-91A5-6C3702E7BFFF}.AppStore|iPhone.ActiveCfg = Release|Any CPU
		{F0E30C61-DB6F-41B0-91A5-6C3702E7BFFF}.AppStore|iPhone.Build.0 = Release|Any CPU
		{F0E30C61-DB6F-41B0-91A5-6C3702E7BFFF}.AppStore|iPhoneSimulator.ActiveCfg = Release|Any CPU
		{F0E30C61-DB6F-41B0-91A5-6C3702E7BFFF}.AppStore|iPhoneSimulator.Build.0 = Release|Any CPU
		{F0E30C61-DB6F-41B0-91A5-6C3702E7BFFF}.AppStore|x64.ActiveCfg = Release|Any CPU
		{F0E30C61-DB6F-41B0-91A5-6C3702E7BFFF}.AppStore|x64.Build.0 = Release|Any CPU
		{F0E30C61-DB6F-41B0-91A5-6C3702E7BFFF}.AppStore|x86.ActiveCfg = Release|Any CPU
		{F0E30C61-DB6F-41B0-91A5-6C3702E7BFFF}.AppStore|x86.Build.0 = Release|Any CPU
		{F0E30C61-DB6F-41B0-91A5-6C3702E7BFFF}.Debug|Any CPU.ActiveCfg = Debug|Any CPU
		{F0E30C61-DB6F-41B0-91A5-6C3702E7BFFF}.Debug|Any CPU.Build.0 = Debug|Any CPU
		{F0E30C61-DB6F-41B0-91A5-6C3702E7BFFF}.Debug|ARM.ActiveCfg = Debug|Any CPU
		{F0E30C61-DB6F-41B0-91A5-6C3702E7BFFF}.Debug|ARM.Build.0 = Debug|Any CPU
		{F0E30C61-DB6F-41B0-91A5-6C3702E7BFFF}.Debug|iPhone.ActiveCfg = Debug|Any CPU
		{F0E30C61-DB6F-41B0-91A5-6C3702E7BFFF}.Debug|iPhone.Build.0 = Debug|Any CPU
		{F0E30C61-DB6F-41B0-91A5-6C3702E7BFFF}.Debug|iPhoneSimulator.ActiveCfg = Debug|Any CPU
		{F0E30C61-DB6F-41B0-91A5-6C3702E7BFFF}.Debug|iPhoneSimulator.Build.0 = Debug|Any CPU
		{F0E30C61-DB6F-41B0-91A5-6C3702E7BFFF}.Debug|x64.ActiveCfg = Debug|Any CPU
		{F0E30C61-DB6F-41B0-91A5-6C3702E7BFFF}.Debug|x64.Build.0 = Debug|Any CPU
		{F0E30C61-DB6F-41B0-91A5-6C3702E7BFFF}.Debug|x86.ActiveCfg = Debug|Any CPU
		{F0E30C61-DB6F-41B0-91A5-6C3702E7BFFF}.Debug|x86.Build.0 = Debug|Any CPU
		{F0E30C61-DB6F-41B0-91A5-6C3702E7BFFF}.Release|Any CPU.ActiveCfg = Release|Any CPU
		{F0E30C61-DB6F-41B0-91A5-6C3702E7BFFF}.Release|Any CPU.Build.0 = Release|Any CPU
		{F0E30C61-DB6F-41B0-91A5-6C3702E7BFFF}.Release|ARM.ActiveCfg = Release|Any CPU
		{F0E30C61-DB6F-41B0-91A5-6C3702E7BFFF}.Release|ARM.Build.0 = Release|Any CPU
		{F0E30C61-DB6F-41B0-91A5-6C3702E7BFFF}.Release|iPhone.ActiveCfg = Release|Any CPU
		{F0E30C61-DB6F-41B0-91A5-6C3702E7BFFF}.Release|iPhone.Build.0 = Release|Any CPU
		{F0E30C61-DB6F-41B0-91A5-6C3702E7BFFF}.Release|iPhoneSimulator.ActiveCfg = Release|Any CPU
		{F0E30C61-DB6F-41B0-91A5-6C3702E7BFFF}.Release|iPhoneSimulator.Build.0 = Release|Any CPU
		{F0E30C61-DB6F-41B0-91A5-6C3702E7BFFF}.Release|x64.ActiveCfg = Release|Any CPU
		{F0E30C61-DB6F-41B0-91A5-6C3702E7BFFF}.Release|x64.Build.0 = Release|Any CPU
		{F0E30C61-DB6F-41B0-91A5-6C3702E7BFFF}.Release|x86.ActiveCfg = Release|Any CPU
		{F0E30C61-DB6F-41B0-91A5-6C3702E7BFFF}.Release|x86.Build.0 = Release|Any CPU
		{411B960D-6D30-4079-83B2-ABB9987D2EDF}.Ad-Hoc|Any CPU.ActiveCfg = Release|Any CPU
		{411B960D-6D30-4079-83B2-ABB9987D2EDF}.Ad-Hoc|Any CPU.Build.0 = Release|Any CPU
		{411B960D-6D30-4079-83B2-ABB9987D2EDF}.Ad-Hoc|ARM.ActiveCfg = Release|Any CPU
		{411B960D-6D30-4079-83B2-ABB9987D2EDF}.Ad-Hoc|ARM.Build.0 = Release|Any CPU
		{411B960D-6D30-4079-83B2-ABB9987D2EDF}.Ad-Hoc|iPhone.ActiveCfg = Release|Any CPU
		{411B960D-6D30-4079-83B2-ABB9987D2EDF}.Ad-Hoc|iPhone.Build.0 = Release|Any CPU
		{411B960D-6D30-4079-83B2-ABB9987D2EDF}.Ad-Hoc|iPhoneSimulator.ActiveCfg = Release|Any CPU
		{411B960D-6D30-4079-83B2-ABB9987D2EDF}.Ad-Hoc|iPhoneSimulator.Build.0 = Release|Any CPU
		{411B960D-6D30-4079-83B2-ABB9987D2EDF}.Ad-Hoc|x64.ActiveCfg = Release|Any CPU
		{411B960D-6D30-4079-83B2-ABB9987D2EDF}.Ad-Hoc|x64.Build.0 = Release|Any CPU
		{411B960D-6D30-4079-83B2-ABB9987D2EDF}.Ad-Hoc|x86.ActiveCfg = Release|Any CPU
		{411B960D-6D30-4079-83B2-ABB9987D2EDF}.Ad-Hoc|x86.Build.0 = Release|Any CPU
		{411B960D-6D30-4079-83B2-ABB9987D2EDF}.AppStore|Any CPU.ActiveCfg = Release|Any CPU
		{411B960D-6D30-4079-83B2-ABB9987D2EDF}.AppStore|Any CPU.Build.0 = Release|Any CPU
		{411B960D-6D30-4079-83B2-ABB9987D2EDF}.AppStore|ARM.ActiveCfg = Release|Any CPU
		{411B960D-6D30-4079-83B2-ABB9987D2EDF}.AppStore|ARM.Build.0 = Release|Any CPU
		{411B960D-6D30-4079-83B2-ABB9987D2EDF}.AppStore|iPhone.ActiveCfg = Release|Any CPU
		{411B960D-6D30-4079-83B2-ABB9987D2EDF}.AppStore|iPhone.Build.0 = Release|Any CPU
		{411B960D-6D30-4079-83B2-ABB9987D2EDF}.AppStore|iPhoneSimulator.ActiveCfg = Release|Any CPU
		{411B960D-6D30-4079-83B2-ABB9987D2EDF}.AppStore|iPhoneSimulator.Build.0 = Release|Any CPU
		{411B960D-6D30-4079-83B2-ABB9987D2EDF}.AppStore|x64.ActiveCfg = Release|Any CPU
		{411B960D-6D30-4079-83B2-ABB9987D2EDF}.AppStore|x64.Build.0 = Release|Any CPU
		{411B960D-6D30-4079-83B2-ABB9987D2EDF}.AppStore|x86.ActiveCfg = Release|Any CPU
		{411B960D-6D30-4079-83B2-ABB9987D2EDF}.AppStore|x86.Build.0 = Release|Any CPU
		{411B960D-6D30-4079-83B2-ABB9987D2EDF}.Debug|Any CPU.ActiveCfg = Debug|Any CPU
		{411B960D-6D30-4079-83B2-ABB9987D2EDF}.Debug|Any CPU.Build.0 = Debug|Any CPU
		{411B960D-6D30-4079-83B2-ABB9987D2EDF}.Debug|ARM.ActiveCfg = Debug|Any CPU
		{411B960D-6D30-4079-83B2-ABB9987D2EDF}.Debug|ARM.Build.0 = Debug|Any CPU
		{411B960D-6D30-4079-83B2-ABB9987D2EDF}.Debug|iPhone.ActiveCfg = Debug|Any CPU
		{411B960D-6D30-4079-83B2-ABB9987D2EDF}.Debug|iPhone.Build.0 = Debug|Any CPU
		{411B960D-6D30-4079-83B2-ABB9987D2EDF}.Debug|iPhoneSimulator.ActiveCfg = Debug|Any CPU
		{411B960D-6D30-4079-83B2-ABB9987D2EDF}.Debug|iPhoneSimulator.Build.0 = Debug|Any CPU
		{411B960D-6D30-4079-83B2-ABB9987D2EDF}.Debug|x64.ActiveCfg = Debug|Any CPU
		{411B960D-6D30-4079-83B2-ABB9987D2EDF}.Debug|x64.Build.0 = Debug|Any CPU
		{411B960D-6D30-4079-83B2-ABB9987D2EDF}.Debug|x86.ActiveCfg = Debug|Any CPU
		{411B960D-6D30-4079-83B2-ABB9987D2EDF}.Debug|x86.Build.0 = Debug|Any CPU
		{411B960D-6D30-4079-83B2-ABB9987D2EDF}.Release|Any CPU.ActiveCfg = Release|Any CPU
		{411B960D-6D30-4079-83B2-ABB9987D2EDF}.Release|Any CPU.Build.0 = Release|Any CPU
		{411B960D-6D30-4079-83B2-ABB9987D2EDF}.Release|ARM.ActiveCfg = Release|Any CPU
		{411B960D-6D30-4079-83B2-ABB9987D2EDF}.Release|ARM.Build.0 = Release|Any CPU
		{411B960D-6D30-4079-83B2-ABB9987D2EDF}.Release|iPhone.ActiveCfg = Release|Any CPU
		{411B960D-6D30-4079-83B2-ABB9987D2EDF}.Release|iPhone.Build.0 = Release|Any CPU
		{411B960D-6D30-4079-83B2-ABB9987D2EDF}.Release|iPhoneSimulator.ActiveCfg = Release|Any CPU
		{411B960D-6D30-4079-83B2-ABB9987D2EDF}.Release|iPhoneSimulator.Build.0 = Release|Any CPU
		{411B960D-6D30-4079-83B2-ABB9987D2EDF}.Release|x64.ActiveCfg = Release|Any CPU
		{411B960D-6D30-4079-83B2-ABB9987D2EDF}.Release|x64.Build.0 = Release|Any CPU
		{411B960D-6D30-4079-83B2-ABB9987D2EDF}.Release|x86.ActiveCfg = Release|Any CPU
		{411B960D-6D30-4079-83B2-ABB9987D2EDF}.Release|x86.Build.0 = Release|Any CPU
		{140BC260-8B15-4D3A-B1B0-DDD8072918CC}.Ad-Hoc|Any CPU.ActiveCfg = Release|Any CPU
		{140BC260-8B15-4D3A-B1B0-DDD8072918CC}.Ad-Hoc|Any CPU.Build.0 = Release|Any CPU
		{140BC260-8B15-4D3A-B1B0-DDD8072918CC}.Ad-Hoc|ARM.ActiveCfg = Release|Any CPU
		{140BC260-8B15-4D3A-B1B0-DDD8072918CC}.Ad-Hoc|ARM.Build.0 = Release|Any CPU
		{140BC260-8B15-4D3A-B1B0-DDD8072918CC}.Ad-Hoc|iPhone.ActiveCfg = Release|Any CPU
		{140BC260-8B15-4D3A-B1B0-DDD8072918CC}.Ad-Hoc|iPhone.Build.0 = Release|Any CPU
		{140BC260-8B15-4D3A-B1B0-DDD8072918CC}.Ad-Hoc|iPhoneSimulator.ActiveCfg = Release|Any CPU
		{140BC260-8B15-4D3A-B1B0-DDD8072918CC}.Ad-Hoc|iPhoneSimulator.Build.0 = Release|Any CPU
		{140BC260-8B15-4D3A-B1B0-DDD8072918CC}.Ad-Hoc|x64.ActiveCfg = Release|Any CPU
		{140BC260-8B15-4D3A-B1B0-DDD8072918CC}.Ad-Hoc|x64.Build.0 = Release|Any CPU
		{140BC260-8B15-4D3A-B1B0-DDD8072918CC}.Ad-Hoc|x86.ActiveCfg = Release|Any CPU
		{140BC260-8B15-4D3A-B1B0-DDD8072918CC}.Ad-Hoc|x86.Build.0 = Release|Any CPU
		{140BC260-8B15-4D3A-B1B0-DDD8072918CC}.AppStore|Any CPU.ActiveCfg = Release|Any CPU
		{140BC260-8B15-4D3A-B1B0-DDD8072918CC}.AppStore|Any CPU.Build.0 = Release|Any CPU
		{140BC260-8B15-4D3A-B1B0-DDD8072918CC}.AppStore|ARM.ActiveCfg = Release|Any CPU
		{140BC260-8B15-4D3A-B1B0-DDD8072918CC}.AppStore|ARM.Build.0 = Release|Any CPU
		{140BC260-8B15-4D3A-B1B0-DDD8072918CC}.AppStore|iPhone.ActiveCfg = Release|Any CPU
		{140BC260-8B15-4D3A-B1B0-DDD8072918CC}.AppStore|iPhone.Build.0 = Release|Any CPU
		{140BC260-8B15-4D3A-B1B0-DDD8072918CC}.AppStore|iPhoneSimulator.ActiveCfg = Release|Any CPU
		{140BC260-8B15-4D3A-B1B0-DDD8072918CC}.AppStore|iPhoneSimulator.Build.0 = Release|Any CPU
		{140BC260-8B15-4D3A-B1B0-DDD8072918CC}.AppStore|x64.ActiveCfg = Release|Any CPU
		{140BC260-8B15-4D3A-B1B0-DDD8072918CC}.AppStore|x64.Build.0 = Release|Any CPU
		{140BC260-8B15-4D3A-B1B0-DDD8072918CC}.AppStore|x86.ActiveCfg = Release|Any CPU
		{140BC260-8B15-4D3A-B1B0-DDD8072918CC}.AppStore|x86.Build.0 = Release|Any CPU
		{140BC260-8B15-4D3A-B1B0-DDD8072918CC}.Debug|Any CPU.ActiveCfg = Debug|Any CPU
		{140BC260-8B15-4D3A-B1B0-DDD8072918CC}.Debug|Any CPU.Build.0 = Debug|Any CPU
		{140BC260-8B15-4D3A-B1B0-DDD8072918CC}.Debug|ARM.ActiveCfg = Debug|Any CPU
		{140BC260-8B15-4D3A-B1B0-DDD8072918CC}.Debug|ARM.Build.0 = Debug|Any CPU
		{140BC260-8B15-4D3A-B1B0-DDD8072918CC}.Debug|iPhone.ActiveCfg = Debug|Any CPU
		{140BC260-8B15-4D3A-B1B0-DDD8072918CC}.Debug|iPhone.Build.0 = Debug|Any CPU
		{140BC260-8B15-4D3A-B1B0-DDD8072918CC}.Debug|iPhoneSimulator.ActiveCfg = Debug|Any CPU
		{140BC260-8B15-4D3A-B1B0-DDD8072918CC}.Debug|iPhoneSimulator.Build.0 = Debug|Any CPU
		{140BC260-8B15-4D3A-B1B0-DDD8072918CC}.Debug|x64.ActiveCfg = Debug|Any CPU
		{140BC260-8B15-4D3A-B1B0-DDD8072918CC}.Debug|x64.Build.0 = Debug|Any CPU
		{140BC260-8B15-4D3A-B1B0-DDD8072918CC}.Debug|x86.ActiveCfg = Debug|Any CPU
		{140BC260-8B15-4D3A-B1B0-DDD8072918CC}.Debug|x86.Build.0 = Debug|Any CPU
		{140BC260-8B15-4D3A-B1B0-DDD8072918CC}.Release|Any CPU.ActiveCfg = Release|Any CPU
		{140BC260-8B15-4D3A-B1B0-DDD8072918CC}.Release|Any CPU.Build.0 = Release|Any CPU
		{140BC260-8B15-4D3A-B1B0-DDD8072918CC}.Release|ARM.ActiveCfg = Release|Any CPU
		{140BC260-8B15-4D3A-B1B0-DDD8072918CC}.Release|ARM.Build.0 = Release|Any CPU
		{140BC260-8B15-4D3A-B1B0-DDD8072918CC}.Release|iPhone.ActiveCfg = Release|Any CPU
		{140BC260-8B15-4D3A-B1B0-DDD8072918CC}.Release|iPhone.Build.0 = Release|Any CPU
		{140BC260-8B15-4D3A-B1B0-DDD8072918CC}.Release|iPhoneSimulator.ActiveCfg = Release|Any CPU
		{140BC260-8B15-4D3A-B1B0-DDD8072918CC}.Release|iPhoneSimulator.Build.0 = Release|Any CPU
		{140BC260-8B15-4D3A-B1B0-DDD8072918CC}.Release|x64.ActiveCfg = Release|Any CPU
		{140BC260-8B15-4D3A-B1B0-DDD8072918CC}.Release|x64.Build.0 = Release|Any CPU
		{140BC260-8B15-4D3A-B1B0-DDD8072918CC}.Release|x86.ActiveCfg = Release|Any CPU
		{140BC260-8B15-4D3A-B1B0-DDD8072918CC}.Release|x86.Build.0 = Release|Any CPU
		{89B0DB73-A32E-447C-9390-A2A59D89B2E4}.Ad-Hoc|Any CPU.ActiveCfg = Release|Any CPU
		{89B0DB73-A32E-447C-9390-A2A59D89B2E4}.Ad-Hoc|Any CPU.Build.0 = Release|Any CPU
		{89B0DB73-A32E-447C-9390-A2A59D89B2E4}.Ad-Hoc|ARM.ActiveCfg = Release|Any CPU
		{89B0DB73-A32E-447C-9390-A2A59D89B2E4}.Ad-Hoc|ARM.Build.0 = Release|Any CPU
		{89B0DB73-A32E-447C-9390-A2A59D89B2E4}.Ad-Hoc|iPhone.ActiveCfg = Release|Any CPU
		{89B0DB73-A32E-447C-9390-A2A59D89B2E4}.Ad-Hoc|iPhone.Build.0 = Release|Any CPU
		{89B0DB73-A32E-447C-9390-A2A59D89B2E4}.Ad-Hoc|iPhoneSimulator.ActiveCfg = Release|Any CPU
		{89B0DB73-A32E-447C-9390-A2A59D89B2E4}.Ad-Hoc|iPhoneSimulator.Build.0 = Release|Any CPU
		{89B0DB73-A32E-447C-9390-A2A59D89B2E4}.Ad-Hoc|x64.ActiveCfg = Release|Any CPU
		{89B0DB73-A32E-447C-9390-A2A59D89B2E4}.Ad-Hoc|x64.Build.0 = Release|Any CPU
		{89B0DB73-A32E-447C-9390-A2A59D89B2E4}.Ad-Hoc|x86.ActiveCfg = Release|Any CPU
		{89B0DB73-A32E-447C-9390-A2A59D89B2E4}.Ad-Hoc|x86.Build.0 = Release|Any CPU
		{89B0DB73-A32E-447C-9390-A2A59D89B2E4}.AppStore|Any CPU.ActiveCfg = Release|Any CPU
		{89B0DB73-A32E-447C-9390-A2A59D89B2E4}.AppStore|Any CPU.Build.0 = Release|Any CPU
		{89B0DB73-A32E-447C-9390-A2A59D89B2E4}.AppStore|ARM.ActiveCfg = Release|Any CPU
		{89B0DB73-A32E-447C-9390-A2A59D89B2E4}.AppStore|ARM.Build.0 = Release|Any CPU
		{89B0DB73-A32E-447C-9390-A2A59D89B2E4}.AppStore|iPhone.ActiveCfg = Release|Any CPU
		{89B0DB73-A32E-447C-9390-A2A59D89B2E4}.AppStore|iPhone.Build.0 = Release|Any CPU
		{89B0DB73-A32E-447C-9390-A2A59D89B2E4}.AppStore|iPhoneSimulator.ActiveCfg = Release|Any CPU
		{89B0DB73-A32E-447C-9390-A2A59D89B2E4}.AppStore|iPhoneSimulator.Build.0 = Release|Any CPU
		{89B0DB73-A32E-447C-9390-A2A59D89B2E4}.AppStore|x64.ActiveCfg = Release|Any CPU
		{89B0DB73-A32E-447C-9390-A2A59D89B2E4}.AppStore|x64.Build.0 = Release|Any CPU
		{89B0DB73-A32E-447C-9390-A2A59D89B2E4}.AppStore|x86.ActiveCfg = Release|Any CPU
		{89B0DB73-A32E-447C-9390-A2A59D89B2E4}.AppStore|x86.Build.0 = Release|Any CPU
		{89B0DB73-A32E-447C-9390-A2A59D89B2E4}.Debug|Any CPU.ActiveCfg = Debug|Any CPU
		{89B0DB73-A32E-447C-9390-A2A59D89B2E4}.Debug|Any CPU.Build.0 = Debug|Any CPU
		{89B0DB73-A32E-447C-9390-A2A59D89B2E4}.Debug|ARM.ActiveCfg = Debug|Any CPU
		{89B0DB73-A32E-447C-9390-A2A59D89B2E4}.Debug|ARM.Build.0 = Debug|Any CPU
		{89B0DB73-A32E-447C-9390-A2A59D89B2E4}.Debug|iPhone.ActiveCfg = Debug|Any CPU
		{89B0DB73-A32E-447C-9390-A2A59D89B2E4}.Debug|iPhone.Build.0 = Debug|Any CPU
		{89B0DB73-A32E-447C-9390-A2A59D89B2E4}.Debug|iPhoneSimulator.ActiveCfg = Debug|Any CPU
		{89B0DB73-A32E-447C-9390-A2A59D89B2E4}.Debug|iPhoneSimulator.Build.0 = Debug|Any CPU
		{89B0DB73-A32E-447C-9390-A2A59D89B2E4}.Debug|x64.ActiveCfg = Debug|Any CPU
		{89B0DB73-A32E-447C-9390-A2A59D89B2E4}.Debug|x64.Build.0 = Debug|Any CPU
		{89B0DB73-A32E-447C-9390-A2A59D89B2E4}.Debug|x86.ActiveCfg = Debug|Any CPU
		{89B0DB73-A32E-447C-9390-A2A59D89B2E4}.Debug|x86.Build.0 = Debug|Any CPU
		{89B0DB73-A32E-447C-9390-A2A59D89B2E4}.Release|Any CPU.ActiveCfg = Release|Any CPU
		{89B0DB73-A32E-447C-9390-A2A59D89B2E4}.Release|Any CPU.Build.0 = Release|Any CPU
		{89B0DB73-A32E-447C-9390-A2A59D89B2E4}.Release|ARM.ActiveCfg = Release|Any CPU
		{89B0DB73-A32E-447C-9390-A2A59D89B2E4}.Release|ARM.Build.0 = Release|Any CPU
		{89B0DB73-A32E-447C-9390-A2A59D89B2E4}.Release|iPhone.ActiveCfg = Release|Any CPU
		{89B0DB73-A32E-447C-9390-A2A59D89B2E4}.Release|iPhone.Build.0 = Release|Any CPU
		{89B0DB73-A32E-447C-9390-A2A59D89B2E4}.Release|iPhoneSimulator.ActiveCfg = Release|Any CPU
		{89B0DB73-A32E-447C-9390-A2A59D89B2E4}.Release|iPhoneSimulator.Build.0 = Release|Any CPU
		{89B0DB73-A32E-447C-9390-A2A59D89B2E4}.Release|x64.ActiveCfg = Release|Any CPU
		{89B0DB73-A32E-447C-9390-A2A59D89B2E4}.Release|x64.Build.0 = Release|Any CPU
		{89B0DB73-A32E-447C-9390-A2A59D89B2E4}.Release|x86.ActiveCfg = Release|Any CPU
		{89B0DB73-A32E-447C-9390-A2A59D89B2E4}.Release|x86.Build.0 = Release|Any CPU
		{E2357B23-53AC-4364-810F-54DCAB6BCCDE}.Ad-Hoc|Any CPU.ActiveCfg = Release|Any CPU
		{E2357B23-53AC-4364-810F-54DCAB6BCCDE}.Ad-Hoc|Any CPU.Build.0 = Release|Any CPU
		{E2357B23-53AC-4364-810F-54DCAB6BCCDE}.Ad-Hoc|ARM.ActiveCfg = Release|Any CPU
		{E2357B23-53AC-4364-810F-54DCAB6BCCDE}.Ad-Hoc|ARM.Build.0 = Release|Any CPU
		{E2357B23-53AC-4364-810F-54DCAB6BCCDE}.Ad-Hoc|iPhone.ActiveCfg = Release|Any CPU
		{E2357B23-53AC-4364-810F-54DCAB6BCCDE}.Ad-Hoc|iPhone.Build.0 = Release|Any CPU
		{E2357B23-53AC-4364-810F-54DCAB6BCCDE}.Ad-Hoc|iPhoneSimulator.ActiveCfg = Release|Any CPU
		{E2357B23-53AC-4364-810F-54DCAB6BCCDE}.Ad-Hoc|iPhoneSimulator.Build.0 = Release|Any CPU
		{E2357B23-53AC-4364-810F-54DCAB6BCCDE}.Ad-Hoc|x64.ActiveCfg = Release|Any CPU
		{E2357B23-53AC-4364-810F-54DCAB6BCCDE}.Ad-Hoc|x64.Build.0 = Release|Any CPU
		{E2357B23-53AC-4364-810F-54DCAB6BCCDE}.Ad-Hoc|x86.ActiveCfg = Release|Any CPU
		{E2357B23-53AC-4364-810F-54DCAB6BCCDE}.Ad-Hoc|x86.Build.0 = Release|Any CPU
		{E2357B23-53AC-4364-810F-54DCAB6BCCDE}.AppStore|Any CPU.ActiveCfg = Release|Any CPU
		{E2357B23-53AC-4364-810F-54DCAB6BCCDE}.AppStore|Any CPU.Build.0 = Release|Any CPU
		{E2357B23-53AC-4364-810F-54DCAB6BCCDE}.AppStore|ARM.ActiveCfg = Release|Any CPU
		{E2357B23-53AC-4364-810F-54DCAB6BCCDE}.AppStore|ARM.Build.0 = Release|Any CPU
		{E2357B23-53AC-4364-810F-54DCAB6BCCDE}.AppStore|iPhone.ActiveCfg = Release|Any CPU
		{E2357B23-53AC-4364-810F-54DCAB6BCCDE}.AppStore|iPhone.Build.0 = Release|Any CPU
		{E2357B23-53AC-4364-810F-54DCAB6BCCDE}.AppStore|iPhoneSimulator.ActiveCfg = Release|Any CPU
		{E2357B23-53AC-4364-810F-54DCAB6BCCDE}.AppStore|iPhoneSimulator.Build.0 = Release|Any CPU
		{E2357B23-53AC-4364-810F-54DCAB6BCCDE}.AppStore|x64.ActiveCfg = Release|Any CPU
		{E2357B23-53AC-4364-810F-54DCAB6BCCDE}.AppStore|x64.Build.0 = Release|Any CPU
		{E2357B23-53AC-4364-810F-54DCAB6BCCDE}.AppStore|x86.ActiveCfg = Release|Any CPU
		{E2357B23-53AC-4364-810F-54DCAB6BCCDE}.AppStore|x86.Build.0 = Release|Any CPU
		{E2357B23-53AC-4364-810F-54DCAB6BCCDE}.Debug|Any CPU.ActiveCfg = Debug|Any CPU
		{E2357B23-53AC-4364-810F-54DCAB6BCCDE}.Debug|Any CPU.Build.0 = Debug|Any CPU
		{E2357B23-53AC-4364-810F-54DCAB6BCCDE}.Debug|ARM.ActiveCfg = Debug|Any CPU
		{E2357B23-53AC-4364-810F-54DCAB6BCCDE}.Debug|ARM.Build.0 = Debug|Any CPU
		{E2357B23-53AC-4364-810F-54DCAB6BCCDE}.Debug|iPhone.ActiveCfg = Debug|Any CPU
		{E2357B23-53AC-4364-810F-54DCAB6BCCDE}.Debug|iPhone.Build.0 = Debug|Any CPU
		{E2357B23-53AC-4364-810F-54DCAB6BCCDE}.Debug|iPhoneSimulator.ActiveCfg = Debug|Any CPU
		{E2357B23-53AC-4364-810F-54DCAB6BCCDE}.Debug|iPhoneSimulator.Build.0 = Debug|Any CPU
		{E2357B23-53AC-4364-810F-54DCAB6BCCDE}.Debug|x64.ActiveCfg = Debug|Any CPU
		{E2357B23-53AC-4364-810F-54DCAB6BCCDE}.Debug|x64.Build.0 = Debug|Any CPU
		{E2357B23-53AC-4364-810F-54DCAB6BCCDE}.Debug|x86.ActiveCfg = Debug|Any CPU
		{E2357B23-53AC-4364-810F-54DCAB6BCCDE}.Debug|x86.Build.0 = Debug|Any CPU
		{E2357B23-53AC-4364-810F-54DCAB6BCCDE}.Release|Any CPU.ActiveCfg = Release|Any CPU
		{E2357B23-53AC-4364-810F-54DCAB6BCCDE}.Release|Any CPU.Build.0 = Release|Any CPU
		{E2357B23-53AC-4364-810F-54DCAB6BCCDE}.Release|ARM.ActiveCfg = Release|Any CPU
		{E2357B23-53AC-4364-810F-54DCAB6BCCDE}.Release|ARM.Build.0 = Release|Any CPU
		{E2357B23-53AC-4364-810F-54DCAB6BCCDE}.Release|iPhone.ActiveCfg = Release|Any CPU
		{E2357B23-53AC-4364-810F-54DCAB6BCCDE}.Release|iPhone.Build.0 = Release|Any CPU
		{E2357B23-53AC-4364-810F-54DCAB6BCCDE}.Release|iPhoneSimulator.ActiveCfg = Release|Any CPU
		{E2357B23-53AC-4364-810F-54DCAB6BCCDE}.Release|iPhoneSimulator.Build.0 = Release|Any CPU
		{E2357B23-53AC-4364-810F-54DCAB6BCCDE}.Release|x64.ActiveCfg = Release|Any CPU
		{E2357B23-53AC-4364-810F-54DCAB6BCCDE}.Release|x64.Build.0 = Release|Any CPU
		{E2357B23-53AC-4364-810F-54DCAB6BCCDE}.Release|x86.ActiveCfg = Release|Any CPU
		{E2357B23-53AC-4364-810F-54DCAB6BCCDE}.Release|x86.Build.0 = Release|Any CPU
		{A1DBB60B-B98C-4B5A-8A38-5C1DEC124246}.Ad-Hoc|Any CPU.ActiveCfg = Debug|Any CPU
		{A1DBB60B-B98C-4B5A-8A38-5C1DEC124246}.Ad-Hoc|Any CPU.Build.0 = Debug|Any CPU
		{A1DBB60B-B98C-4B5A-8A38-5C1DEC124246}.Ad-Hoc|ARM.ActiveCfg = Debug|Any CPU
		{A1DBB60B-B98C-4B5A-8A38-5C1DEC124246}.Ad-Hoc|ARM.Build.0 = Debug|Any CPU
		{A1DBB60B-B98C-4B5A-8A38-5C1DEC124246}.Ad-Hoc|iPhone.ActiveCfg = Debug|Any CPU
		{A1DBB60B-B98C-4B5A-8A38-5C1DEC124246}.Ad-Hoc|iPhone.Build.0 = Debug|Any CPU
		{A1DBB60B-B98C-4B5A-8A38-5C1DEC124246}.Ad-Hoc|iPhoneSimulator.ActiveCfg = Debug|Any CPU
		{A1DBB60B-B98C-4B5A-8A38-5C1DEC124246}.Ad-Hoc|iPhoneSimulator.Build.0 = Debug|Any CPU
		{A1DBB60B-B98C-4B5A-8A38-5C1DEC124246}.Ad-Hoc|x64.ActiveCfg = Debug|Any CPU
		{A1DBB60B-B98C-4B5A-8A38-5C1DEC124246}.Ad-Hoc|x64.Build.0 = Debug|Any CPU
		{A1DBB60B-B98C-4B5A-8A38-5C1DEC124246}.Ad-Hoc|x86.ActiveCfg = Debug|Any CPU
		{A1DBB60B-B98C-4B5A-8A38-5C1DEC124246}.Ad-Hoc|x86.Build.0 = Debug|Any CPU
		{A1DBB60B-B98C-4B5A-8A38-5C1DEC124246}.AppStore|Any CPU.ActiveCfg = Debug|Any CPU
		{A1DBB60B-B98C-4B5A-8A38-5C1DEC124246}.AppStore|Any CPU.Build.0 = Debug|Any CPU
		{A1DBB60B-B98C-4B5A-8A38-5C1DEC124246}.AppStore|ARM.ActiveCfg = Debug|Any CPU
		{A1DBB60B-B98C-4B5A-8A38-5C1DEC124246}.AppStore|ARM.Build.0 = Debug|Any CPU
		{A1DBB60B-B98C-4B5A-8A38-5C1DEC124246}.AppStore|iPhone.ActiveCfg = Debug|Any CPU
		{A1DBB60B-B98C-4B5A-8A38-5C1DEC124246}.AppStore|iPhone.Build.0 = Debug|Any CPU
		{A1DBB60B-B98C-4B5A-8A38-5C1DEC124246}.AppStore|iPhoneSimulator.ActiveCfg = Debug|Any CPU
		{A1DBB60B-B98C-4B5A-8A38-5C1DEC124246}.AppStore|iPhoneSimulator.Build.0 = Debug|Any CPU
		{A1DBB60B-B98C-4B5A-8A38-5C1DEC124246}.AppStore|x64.ActiveCfg = Debug|Any CPU
		{A1DBB60B-B98C-4B5A-8A38-5C1DEC124246}.AppStore|x64.Build.0 = Debug|Any CPU
		{A1DBB60B-B98C-4B5A-8A38-5C1DEC124246}.AppStore|x86.ActiveCfg = Debug|Any CPU
		{A1DBB60B-B98C-4B5A-8A38-5C1DEC124246}.AppStore|x86.Build.0 = Debug|Any CPU
		{A1DBB60B-B98C-4B5A-8A38-5C1DEC124246}.Debug|Any CPU.ActiveCfg = Debug|Any CPU
		{A1DBB60B-B98C-4B5A-8A38-5C1DEC124246}.Debug|Any CPU.Build.0 = Debug|Any CPU
		{A1DBB60B-B98C-4B5A-8A38-5C1DEC124246}.Debug|ARM.ActiveCfg = Debug|Any CPU
		{A1DBB60B-B98C-4B5A-8A38-5C1DEC124246}.Debug|ARM.Build.0 = Debug|Any CPU
		{A1DBB60B-B98C-4B5A-8A38-5C1DEC124246}.Debug|iPhone.ActiveCfg = Debug|Any CPU
		{A1DBB60B-B98C-4B5A-8A38-5C1DEC124246}.Debug|iPhone.Build.0 = Debug|Any CPU
		{A1DBB60B-B98C-4B5A-8A38-5C1DEC124246}.Debug|iPhoneSimulator.ActiveCfg = Debug|Any CPU
		{A1DBB60B-B98C-4B5A-8A38-5C1DEC124246}.Debug|iPhoneSimulator.Build.0 = Debug|Any CPU
		{A1DBB60B-B98C-4B5A-8A38-5C1DEC124246}.Debug|x64.ActiveCfg = Debug|Any CPU
		{A1DBB60B-B98C-4B5A-8A38-5C1DEC124246}.Debug|x64.Build.0 = Debug|Any CPU
		{A1DBB60B-B98C-4B5A-8A38-5C1DEC124246}.Debug|x86.ActiveCfg = Debug|Any CPU
		{A1DBB60B-B98C-4B5A-8A38-5C1DEC124246}.Debug|x86.Build.0 = Debug|Any CPU
		{A1DBB60B-B98C-4B5A-8A38-5C1DEC124246}.Release|Any CPU.ActiveCfg = Release|Any CPU
		{A1DBB60B-B98C-4B5A-8A38-5C1DEC124246}.Release|Any CPU.Build.0 = Release|Any CPU
		{A1DBB60B-B98C-4B5A-8A38-5C1DEC124246}.Release|ARM.ActiveCfg = Release|Any CPU
		{A1DBB60B-B98C-4B5A-8A38-5C1DEC124246}.Release|ARM.Build.0 = Release|Any CPU
		{A1DBB60B-B98C-4B5A-8A38-5C1DEC124246}.Release|iPhone.ActiveCfg = Release|Any CPU
		{A1DBB60B-B98C-4B5A-8A38-5C1DEC124246}.Release|iPhone.Build.0 = Release|Any CPU
		{A1DBB60B-B98C-4B5A-8A38-5C1DEC124246}.Release|iPhoneSimulator.ActiveCfg = Release|Any CPU
		{A1DBB60B-B98C-4B5A-8A38-5C1DEC124246}.Release|iPhoneSimulator.Build.0 = Release|Any CPU
		{A1DBB60B-B98C-4B5A-8A38-5C1DEC124246}.Release|x64.ActiveCfg = Release|Any CPU
		{A1DBB60B-B98C-4B5A-8A38-5C1DEC124246}.Release|x64.Build.0 = Release|Any CPU
		{A1DBB60B-B98C-4B5A-8A38-5C1DEC124246}.Release|x86.ActiveCfg = Release|Any CPU
		{A1DBB60B-B98C-4B5A-8A38-5C1DEC124246}.Release|x86.Build.0 = Release|Any CPU
	EndGlobalSection
	GlobalSection(SolutionProperties) = preSolution
		HideSolutionNode = FALSE
	EndGlobalSection
	GlobalSection(NestedProjects) = preSolution
		{411B960D-6D30-4079-83B2-ABB9987D2EDF} = {9A8EE3B3-899E-40D7-8916-7E77F83C76AC}
		{140BC260-8B15-4D3A-B1B0-DDD8072918CC} = {9A8EE3B3-899E-40D7-8916-7E77F83C76AC}
		{89B0DB73-A32E-447C-9390-A2A59D89B2E4} = {9A8EE3B3-899E-40D7-8916-7E77F83C76AC}
		{DA43B306-6640-4B5F-84F9-D485197DA7F2} = {19E4099E-9D3B-4EB2-BF41-7F7A6399FC71}
		{E2357B23-53AC-4364-810F-54DCAB6BCCDE} = {DA43B306-6640-4B5F-84F9-D485197DA7F2}
		{A1DBB60B-B98C-4B5A-8A38-5C1DEC124246} = {DA43B306-6640-4B5F-84F9-D485197DA7F2}
	EndGlobalSection
	GlobalSection(ExtensibilityGlobals) = postSolution
		SolutionGuid = {F0CB8B2B-3F56-41B7-AB79-9DAB5A10B177}
	EndGlobalSection
EndGlobal
